// !$*UTF8*$!
{
	archiveVersion = 1;
	classes = {
	};
	objectVersion = 51;
	objects = {

/* Begin PBXBuildFile section */
		EC233447246584A40096D90E /* MainTableVC.swift in Sources */ = {isa = PBXBuildFile; fileRef = EC233446246584A40096D90E /* MainTableVC.swift */; };
		EC568B712465BBE90093F431 /* .gitignore in Resources */ = {isa = PBXBuildFile; fileRef = EC568B702465BBE90093F431 /* .gitignore */; };
		EC568B732465F5BE0093F431 /* CustomTableViewCell.swift in Sources */ = {isa = PBXBuildFile; fileRef = EC568B722465F5BE0093F431 /* CustomTableViewCell.swift */; };
		EC568B7524660E680093F431 /* MyPlacesModel.swift in Sources */ = {isa = PBXBuildFile; fileRef = EC568B7424660E680093F431 /* MyPlacesModel.swift */; };
		EC568B79246745300093F431 /* NewPlaceTableVC.swift in Sources */ = {isa = PBXBuildFile; fileRef = EC568B78246745300093F431 /* NewPlaceTableVC.swift */; };
		EC770B71246D76560045B093 /* RatingControll.swift in Sources */ = {isa = PBXBuildFile; fileRef = EC770B70246D76560045B093 /* RatingControll.swift */; };
		ECA78BA0246961CE004881E7 /* StorageManager.swift in Sources */ = {isa = PBXBuildFile; fileRef = ECA78B9F246961CE004881E7 /* StorageManager.swift */; };
		ECB0B672246583EF005DBBD0 /* AppDelegate.swift in Sources */ = {isa = PBXBuildFile; fileRef = ECB0B671246583EF005DBBD0 /* AppDelegate.swift */; };
		ECB0B674246583EF005DBBD0 /* SceneDelegate.swift in Sources */ = {isa = PBXBuildFile; fileRef = ECB0B673246583EF005DBBD0 /* SceneDelegate.swift */; };
		ECB0B679246583EF005DBBD0 /* Main.storyboard in Resources */ = {isa = PBXBuildFile; fileRef = ECB0B677246583EF005DBBD0 /* Main.storyboard */; };
		ECB0B67B246583F3005DBBD0 /* Assets.xcassets in Resources */ = {isa = PBXBuildFile; fileRef = ECB0B67A246583F3005DBBD0 /* Assets.xcassets */; };
		ECB0B67E246583F3005DBBD0 /* LaunchScreen.storyboard in Resources */ = {isa = PBXBuildFile; fileRef = ECB0B67C246583F3005DBBD0 /* LaunchScreen.storyboard */; };
		ECEAFE47246E936C00169988 /* MapVC.swift in Sources */ = {isa = PBXBuildFile; fileRef = ECEAFE46246E936C00169988 /* MapVC.swift */; };
		ECF4ABD024715442003A4602 /* Pods_MyPlaces.framework in Frameworks */ = {isa = PBXBuildFile; fileRef = 154332B42F86677C7B34108F /* Pods_MyPlaces.framework */; };
/* End PBXBuildFile section */

/* Begin PBXFileReference section */
		154332B42F86677C7B34108F /* Pods_MyPlaces.framework */ = {isa = PBXFileReference; explicitFileType = wrapper.framework; includeInIndex = 0; path = Pods_MyPlaces.framework; sourceTree = BUILT_PRODUCTS_DIR; };
		2BAA5B21808A692CE1233CEE /* Pods-MyPlaces.debug.xcconfig */ = {isa = PBXFileReference; includeInIndex = 1; lastKnownFileType = text.xcconfig; name = "Pods-MyPlaces.debug.xcconfig"; path = "Target Support Files/Pods-MyPlaces/Pods-MyPlaces.debug.xcconfig"; sourceTree = "<group>"; };
		3AD10AF5DFFDB83546F4D450 /* Pods-MyPlaces.release.xcconfig */ = {isa = PBXFileReference; includeInIndex = 1; lastKnownFileType = text.xcconfig; name = "Pods-MyPlaces.release.xcconfig"; path = "Target Support Files/Pods-MyPlaces/Pods-MyPlaces.release.xcconfig"; sourceTree = "<group>"; };
		EC233446246584A40096D90E /* MainTableVC.swift */ = {isa = PBXFileReference; lastKnownFileType = sourcecode.swift; path = MainTableVC.swift; sourceTree = "<group>"; };
		EC568B702465BBE90093F431 /* .gitignore */ = {isa = PBXFileReference; lastKnownFileType = text; path = .gitignore; sourceTree = "<group>"; };
		EC568B722465F5BE0093F431 /* CustomTableViewCell.swift */ = {isa = PBXFileReference; lastKnownFileType = sourcecode.swift; path = CustomTableViewCell.swift; sourceTree = "<group>"; };
		EC568B7424660E680093F431 /* MyPlacesModel.swift */ = {isa = PBXFileReference; lastKnownFileType = sourcecode.swift; path = MyPlacesModel.swift; sourceTree = "<group>"; };
		EC568B78246745300093F431 /* NewPlaceTableVC.swift */ = {isa = PBXFileReference; lastKnownFileType = sourcecode.swift; path = NewPlaceTableVC.swift; sourceTree = "<group>"; };
		EC770B70246D76560045B093 /* RatingControll.swift */ = {isa = PBXFileReference; lastKnownFileType = sourcecode.swift; path = RatingControll.swift; sourceTree = "<group>"; };
		ECA78B9F246961CE004881E7 /* StorageManager.swift */ = {isa = PBXFileReference; lastKnownFileType = sourcecode.swift; path = StorageManager.swift; sourceTree = "<group>"; };
		ECB0B66E246583EF005DBBD0 /* MyPlaces.app */ = {isa = PBXFileReference; explicitFileType = wrapper.application; includeInIndex = 0; path = MyPlaces.app; sourceTree = BUILT_PRODUCTS_DIR; };
		ECB0B671246583EF005DBBD0 /* AppDelegate.swift */ = {isa = PBXFileReference; lastKnownFileType = sourcecode.swift; path = AppDelegate.swift; sourceTree = "<group>"; };
		ECB0B673246583EF005DBBD0 /* SceneDelegate.swift */ = {isa = PBXFileReference; lastKnownFileType = sourcecode.swift; path = SceneDelegate.swift; sourceTree = "<group>"; };
		ECB0B678246583EF005DBBD0 /* Base */ = {isa = PBXFileReference; lastKnownFileType = file.storyboard; name = Base; path = Base.lproj/Main.storyboard; sourceTree = "<group>"; };
		ECB0B67A246583F3005DBBD0 /* Assets.xcassets */ = {isa = PBXFileReference; lastKnownFileType = folder.assetcatalog; path = Assets.xcassets; sourceTree = "<group>"; };
		ECB0B67D246583F3005DBBD0 /* Base */ = {isa = PBXFileReference; lastKnownFileType = file.storyboard; name = Base; path = Base.lproj/LaunchScreen.storyboard; sourceTree = "<group>"; };
		ECB0B67F246583F3005DBBD0 /* Info.plist */ = {isa = PBXFileReference; lastKnownFileType = text.plist.xml; path = Info.plist; sourceTree = "<group>"; };
		ECEAFE46246E936C00169988 /* MapVC.swift */ = {isa = PBXFileReference; lastKnownFileType = sourcecode.swift; path = MapVC.swift; sourceTree = "<group>"; };
		ECF4ABBE2471527B003A4602 /* Cosmos.framework */ = {isa = PBXFileReference; explicitFileType = wrapper.framework; path = Cosmos.framework; sourceTree = BUILT_PRODUCTS_DIR; };
		ECF4ABC124715281003A4602 /* Realm.framework */ = {isa = PBXFileReference; explicitFileType = wrapper.framework; path = Realm.framework; sourceTree = BUILT_PRODUCTS_DIR; };
		ECF4ABC424715285003A4602 /* RealmSwift.framework */ = {isa = PBXFileReference; explicitFileType = wrapper.framework; path = RealmSwift.framework; sourceTree = BUILT_PRODUCTS_DIR; };
/* End PBXFileReference section */

/* Begin PBXFrameworksBuildPhase section */
		ECB0B66B246583EF005DBBD0 /* Frameworks */ = {
			isa = PBXFrameworksBuildPhase;
			buildActionMask = 2147483647;
			files = (
				ECF4ABD024715442003A4602 /* Pods_MyPlaces.framework in Frameworks */,
			);
			runOnlyForDeploymentPostprocessing = 0;
		};
/* End PBXFrameworksBuildPhase section */

/* Begin PBXGroup section */
		0E7125E37433F740795B26C3 /* Frameworks */ = {
			isa = PBXGroup;
			children = (
				ECF4ABC424715285003A4602 /* RealmSwift.framework */,
				ECF4ABC124715281003A4602 /* Realm.framework */,
				ECF4ABBE2471527B003A4602 /* Cosmos.framework */,
				154332B42F86677C7B34108F /* Pods_MyPlaces.framework */,
			);
			name = Frameworks;
			sourceTree = "<group>";
		};
		41588A380649012D0DFFC9F3 /* Pods */ = {
			isa = PBXGroup;
			children = (
				2BAA5B21808A692CE1233CEE /* Pods-MyPlaces.debug.xcconfig */,
				3AD10AF5DFFDB83546F4D450 /* Pods-MyPlaces.release.xcconfig */,
			);
			path = Pods;
			sourceTree = "<group>";
		};
		ECB0B665246583EF005DBBD0 = {
			isa = PBXGroup;
			children = (
				ECB0B670246583EF005DBBD0 /* MyPlaces */,
				ECB0B66F246583EF005DBBD0 /* Products */,
				41588A380649012D0DFFC9F3 /* Pods */,
				0E7125E37433F740795B26C3 /* Frameworks */,
			);
			sourceTree = "<group>";
		};
		ECB0B66F246583EF005DBBD0 /* Products */ = {
			isa = PBXGroup;
			children = (
				ECB0B66E246583EF005DBBD0 /* MyPlaces.app */,
			);
			name = Products;
			sourceTree = "<group>";
		};
		ECB0B670246583EF005DBBD0 /* MyPlaces */ = {
			isa = PBXGroup;
			children = (
				ECEAFE46246E936C00169988 /* MapVC.swift */,
				EC233446246584A40096D90E /* MainTableVC.swift */,
				EC770B70246D76560045B093 /* RatingControll.swift */,
				EC568B78246745300093F431 /* NewPlaceTableVC.swift */,
				EC568B7424660E680093F431 /* MyPlacesModel.swift */,
				ECA78B9F246961CE004881E7 /* StorageManager.swift */,
				ECB0B677246583EF005DBBD0 /* Main.storyboard */,
				EC568B722465F5BE0093F431 /* CustomTableViewCell.swift */,
				ECB0B671246583EF005DBBD0 /* AppDelegate.swift */,
				ECB0B673246583EF005DBBD0 /* SceneDelegate.swift */,
				ECB0B67A246583F3005DBBD0 /* Assets.xcassets */,
				ECB0B67C246583F3005DBBD0 /* LaunchScreen.storyboard */,
				ECB0B67F246583F3005DBBD0 /* Info.plist */,
				EC568B702465BBE90093F431 /* .gitignore */,
			);
			path = MyPlaces;
			sourceTree = "<group>";
		};
/* End PBXGroup section */

/* Begin PBXNativeTarget section */
		ECB0B66D246583EF005DBBD0 /* MyPlaces */ = {
			isa = PBXNativeTarget;
			buildConfigurationList = ECB0B682246583F3005DBBD0 /* Build configuration list for PBXNativeTarget "MyPlaces" */;
			buildPhases = (
				113D99EB78416954DC0B6034 /* [CP] Check Pods Manifest.lock */,
				ECB0B66A246583EF005DBBD0 /* Sources */,
				ECB0B66B246583EF005DBBD0 /* Frameworks */,
				ECB0B66C246583EF005DBBD0 /* Resources */,
				139D9B8098C0D0CD178E7CDE /* [CP] Embed Pods Frameworks */,
			);
			buildRules = (
			);
			dependencies = (
			);
			name = MyPlaces;
			productName = MyPlaces;
			productReference = ECB0B66E246583EF005DBBD0 /* MyPlaces.app */;
			productType = "com.apple.product-type.application";
		};
/* End PBXNativeTarget section */

/* Begin PBXProject section */
		ECB0B666246583EF005DBBD0 /* Project object */ = {
			isa = PBXProject;
			attributes = {
				LastSwiftUpdateCheck = 1140;
				LastUpgradeCheck = 1140;
				ORGANIZATIONNAME = "Roman Oliinyk";
				TargetAttributes = {
					ECB0B66D246583EF005DBBD0 = {
						CreatedOnToolsVersion = 11.4.1;
					};
				};
			};
			buildConfigurationList = ECB0B669246583EF005DBBD0 /* Build configuration list for PBXProject "MyPlaces" */;
			compatibilityVersion = "Xcode 9.3";
			developmentRegion = en;
			hasScannedForEncodings = 0;
			knownRegions = (
				en,
				Base,
			);
			mainGroup = ECB0B665246583EF005DBBD0;
			productRefGroup = ECB0B66F246583EF005DBBD0 /* Products */;
			projectDirPath = "";
			projectRoot = "";
			targets = (
				ECB0B66D246583EF005DBBD0 /* MyPlaces */,
			);
		};
/* End PBXProject section */

/* Begin PBXResourcesBuildPhase section */
		ECB0B66C246583EF005DBBD0 /* Resources */ = {
			isa = PBXResourcesBuildPhase;
			buildActionMask = 2147483647;
			files = (
				EC568B712465BBE90093F431 /* .gitignore in Resources */,
				ECB0B67E246583F3005DBBD0 /* LaunchScreen.storyboard in Resources */,
				ECB0B67B246583F3005DBBD0 /* Assets.xcassets in Resources */,
				ECB0B679246583EF005DBBD0 /* Main.storyboard in Resources */,
			);
			runOnlyForDeploymentPostprocessing = 0;
		};
/* End PBXResourcesBuildPhase section */

/* Begin PBXShellScriptBuildPhase section */
		113D99EB78416954DC0B6034 /* [CP] Check Pods Manifest.lock */ = {
			isa = PBXShellScriptBuildPhase;
			buildActionMask = 2147483647;
			files = (
			);
			inputFileListPaths = (
			);
			inputPaths = (
				"${PODS_PODFILE_DIR_PATH}/Podfile.lock",
				"${PODS_ROOT}/Manifest.lock",
			);
			name = "[CP] Check Pods Manifest.lock";
			outputFileListPaths = (
			);
			outputPaths = (
				"$(DERIVED_FILE_DIR)/Pods-MyPlaces-checkManifestLockResult.txt",
			);
			runOnlyForDeploymentPostprocessing = 0;
			shellPath = /bin/sh;
			shellScript = "diff \"${PODS_PODFILE_DIR_PATH}/Podfile.lock\" \"${PODS_ROOT}/Manifest.lock\" > /dev/null\nif [ $? != 0 ] ; then\n    # print error to STDERR\n    echo \"error: The sandbox is not in sync with the Podfile.lock. Run 'pod install' or update your CocoaPods installation.\" >&2\n    exit 1\nfi\n# This output is used by Xcode 'outputs' to avoid re-running this script phase.\necho \"SUCCESS\" > \"${SCRIPT_OUTPUT_FILE_0}\"\n";
			showEnvVarsInLog = 0;
		};
		139D9B8098C0D0CD178E7CDE /* [CP] Embed Pods Frameworks */ = {
			isa = PBXShellScriptBuildPhase;
			buildActionMask = 2147483647;
			files = (
			);
			inputFileListPaths = (
				"${PODS_ROOT}/Target Support Files/Pods-MyPlaces/Pods-MyPlaces-frameworks-${CONFIGURATION}-input-files.xcfilelist",
			);
			name = "[CP] Embed Pods Frameworks";
			outputFileListPaths = (
				"${PODS_ROOT}/Target Support Files/Pods-MyPlaces/Pods-MyPlaces-frameworks-${CONFIGURATION}-output-files.xcfilelist",
			);
			runOnlyForDeploymentPostprocessing = 0;
			shellPath = /bin/sh;
			shellScript = "\"${PODS_ROOT}/Target Support Files/Pods-MyPlaces/Pods-MyPlaces-frameworks.sh\"\n";
			showEnvVarsInLog = 0;
		};
/* End PBXShellScriptBuildPhase section */

/* Begin PBXSourcesBuildPhase section */
		ECB0B66A246583EF005DBBD0 /* Sources */ = {
			isa = PBXSourcesBuildPhase;
			buildActionMask = 2147483647;
			files = (
				EC568B7524660E680093F431 /* MyPlacesModel.swift in Sources */,
				EC770B71246D76560045B093 /* RatingControll.swift in Sources */,
				ECB0B672246583EF005DBBD0 /* AppDelegate.swift in Sources */,
				EC233447246584A40096D90E /* MainTableVC.swift in Sources */,
				ECA78BA0246961CE004881E7 /* StorageManager.swift in Sources */,
				EC568B732465F5BE0093F431 /* CustomTableViewCell.swift in Sources */,
				EC568B79246745300093F431 /* NewPlaceTableVC.swift in Sources */,
				ECEAFE47246E936C00169988 /* MapVC.swift in Sources */,
				ECB0B674246583EF005DBBD0 /* SceneDelegate.swift in Sources */,
			);
			runOnlyForDeploymentPostprocessing = 0;
		};
/* End PBXSourcesBuildPhase section */

/* Begin PBXVariantGroup section */
		ECB0B677246583EF005DBBD0 /* Main.storyboard */ = {
			isa = PBXVariantGroup;
			children = (
				ECB0B678246583EF005DBBD0 /* Base */,
			);
			name = Main.storyboard;
			sourceTree = "<group>";
		};
		ECB0B67C246583F3005DBBD0 /* LaunchScreen.storyboard */ = {
			isa = PBXVariantGroup;
			children = (
				ECB0B67D246583F3005DBBD0 /* Base */,
			);
			name = LaunchScreen.storyboard;
			sourceTree = "<group>";
		};
/* End PBXVariantGroup section */

/* Begin XCBuildConfiguration section */
		ECB0B680246583F3005DBBD0 /* Debug */ = {
			isa = XCBuildConfiguration;
			buildSettings = {
				ALWAYS_SEARCH_USER_PATHS = NO;
				CLANG_ANALYZER_NONNULL = YES;
				CLANG_ANALYZER_NUMBER_OBJECT_CONVERSION = YES_AGGRESSIVE;
				CLANG_CXX_LANGUAGE_STANDARD = "gnu++14";
				CLANG_CXX_LIBRARY = "libc++";
				CLANG_ENABLE_MODULES = YES;
				CLANG_ENABLE_OBJC_ARC = YES;
				CLANG_ENABLE_OBJC_WEAK = YES;
				CLANG_WARN_BLOCK_CAPTURE_AUTORELEASING = YES;
				CLANG_WARN_BOOL_CONVERSION = YES;
				CLANG_WARN_COMMA = YES;
				CLANG_WARN_CONSTANT_CONVERSION = YES;
				CLANG_WARN_DEPRECATED_OBJC_IMPLEMENTATIONS = YES;
				CLANG_WARN_DIRECT_OBJC_ISA_USAGE = YES_ERROR;
				CLANG_WARN_DOCUMENTATION_COMMENTS = YES;
				CLANG_WARN_EMPTY_BODY = YES;
				CLANG_WARN_ENUM_CONVERSION = YES;
				CLANG_WARN_INFINITE_RECURSION = YES;
				CLANG_WARN_INT_CONVERSION = YES;
				CLANG_WARN_NON_LITERAL_NULL_CONVERSION = YES;
				CLANG_WARN_OBJC_IMPLICIT_RETAIN_SELF = YES;
				CLANG_WARN_OBJC_LITERAL_CONVERSION = YES;
				CLANG_WARN_OBJC_ROOT_CLASS = YES_ERROR;
				CLANG_WARN_RANGE_LOOP_ANALYSIS = YES;
				CLANG_WARN_STRICT_PROTOTYPES = YES;
				CLANG_WARN_SUSPICIOUS_MOVE = YES;
				CLANG_WARN_UNGUARDED_AVAILABILITY = YES_AGGRESSIVE;
				CLANG_WARN_UNREACHABLE_CODE = YES;
				CLANG_WARN__DUPLICATE_METHOD_MATCH = YES;
				COPY_PHASE_STRIP = NO;
				DEBUG_INFORMATION_FORMAT = dwarf;
				ENABLE_STRICT_OBJC_MSGSEND = YES;
				ENABLE_TESTABILITY = YES;
				GCC_C_LANGUAGE_STANDARD = gnu11;
				GCC_DYNAMIC_NO_PIC = NO;
				GCC_NO_COMMON_BLOCKS = YES;
				GCC_OPTIMIZATION_LEVEL = 0;
				GCC_PREPROCESSOR_DEFINITIONS = (
					"DEBUG=1",
					"$(inherited)",
				);
				GCC_WARN_64_TO_32_BIT_CONVERSION = YES;
				GCC_WARN_ABOUT_RETURN_TYPE = YES_ERROR;
				GCC_WARN_UNDECLARED_SELECTOR = YES;
				GCC_WARN_UNINITIALIZED_AUTOS = YES_AGGRESSIVE;
				GCC_WARN_UNUSED_FUNCTION = YES;
				GCC_WARN_UNUSED_VARIABLE = YES;
				IPHONEOS_DEPLOYMENT_TARGET = 13.0;
				MTL_ENABLE_DEBUG_INFO = INCLUDE_SOURCE;
				MTL_FAST_MATH = YES;
				ONLY_ACTIVE_ARCH = YES;
				SDKROOT = iphoneos;
				SWIFT_ACTIVE_COMPILATION_CONDITIONS = DEBUG;
				SWIFT_OPTIMIZATION_LEVEL = "-Onone";
			};
			name = Debug;
		};
		ECB0B681246583F3005DBBD0 /* Release */ = {
			isa = XCBuildConfiguration;
			buildSettings = {
				ALWAYS_SEARCH_USER_PATHS = NO;
				CLANG_ANALYZER_NONNULL = YES;
				CLANG_ANALYZER_NUMBER_OBJECT_CONVERSION = YES_AGGRESSIVE;
				CLANG_CXX_LANGUAGE_STANDARD = "gnu++14";
				CLANG_CXX_LIBRARY = "libc++";
				CLANG_ENABLE_MODULES = YES;
				CLANG_ENABLE_OBJC_ARC = YES;
				CLANG_ENABLE_OBJC_WEAK = YES;
				CLANG_WARN_BLOCK_CAPTURE_AUTORELEASING = YES;
				CLANG_WARN_BOOL_CONVERSION = YES;
				CLANG_WARN_COMMA = YES;
				CLANG_WARN_CONSTANT_CONVERSION = YES;
				CLANG_WARN_DEPRECATED_OBJC_IMPLEMENTATIONS = YES;
				CLANG_WARN_DIRECT_OBJC_ISA_USAGE = YES_ERROR;
				CLANG_WARN_DOCUMENTATION_COMMENTS = YES;
				CLANG_WARN_EMPTY_BODY = YES;
				CLANG_WARN_ENUM_CONVERSION = YES;
				CLANG_WARN_INFINITE_RECURSION = YES;
				CLANG_WARN_INT_CONVERSION = YES;
				CLANG_WARN_NON_LITERAL_NULL_CONVERSION = YES;
				CLANG_WARN_OBJC_IMPLICIT_RETAIN_SELF = YES;
				CLANG_WARN_OBJC_LITERAL_CONVERSION = YES;
				CLANG_WARN_OBJC_ROOT_CLASS = YES_ERROR;
				CLANG_WARN_RANGE_LOOP_ANALYSIS = YES;
				CLANG_WARN_STRICT_PROTOTYPES = YES;
				CLANG_WARN_SUSPICIOUS_MOVE = YES;
				CLANG_WARN_UNGUARDED_AVAILABILITY = YES_AGGRESSIVE;
				CLANG_WARN_UNREACHABLE_CODE = YES;
				CLANG_WARN__DUPLICATE_METHOD_MATCH = YES;
				COPY_PHASE_STRIP = NO;
				DEBUG_INFORMATION_FORMAT = "dwarf-with-dsym";
				ENABLE_NS_ASSERTIONS = NO;
				ENABLE_STRICT_OBJC_MSGSEND = YES;
				GCC_C_LANGUAGE_STANDARD = gnu11;
				GCC_NO_COMMON_BLOCKS = YES;
				GCC_WARN_64_TO_32_BIT_CONVERSION = YES;
				GCC_WARN_ABOUT_RETURN_TYPE = YES_ERROR;
				GCC_WARN_UNDECLARED_SELECTOR = YES;
				GCC_WARN_UNINITIALIZED_AUTOS = YES_AGGRESSIVE;
				GCC_WARN_UNUSED_FUNCTION = YES;
				GCC_WARN_UNUSED_VARIABLE = YES;
				IPHONEOS_DEPLOYMENT_TARGET = 13.0;
				MTL_ENABLE_DEBUG_INFO = NO;
				MTL_FAST_MATH = YES;
				SDKROOT = iphoneos;
				SWIFT_COMPILATION_MODE = wholemodule;
				SWIFT_OPTIMIZATION_LEVEL = "-O";
				VALIDATE_PRODUCT = YES;
			};
			name = Release;
		};
		ECB0B683246583F3005DBBD0 /* Debug */ = {
			isa = XCBuildConfiguration;
			baseConfigurationReference = 2BAA5B21808A692CE1233CEE /* Pods-MyPlaces.debug.xcconfig */;
			buildSettings = {
				ASSETCATALOG_COMPILER_APPICON_NAME = AppIcon;
				CODE_SIGN_STYLE = Automatic;
				DEVELOPMENT_TEAM = TA55CRFVW8;
				INFOPLIST_FILE = MyPlaces/Info.plist;
				IPHONEOS_DEPLOYMENT_TARGET = 13.0;
				LD_RUNPATH_SEARCH_PATHS = (
					"$(inherited)",
					"@executable_path/Frameworks",
				);
				PRODUCT_BUNDLE_IDENTIFIER = tw3ee.MyPlacesm;
				PRODUCT_NAME = "$(TARGET_NAME)";
				SWIFT_VERSION = 5.0;
				TARGETED_DEVICE_FAMILY = "1,2";
			};
			name = Debug;
		};
		ECB0B684246583F3005DBBD0 /* Release */ = {
			isa = XCBuildConfiguration;
			baseConfigurationReference = 3AD10AF5DFFDB83546F4D450 /* Pods-MyPlaces.release.xcconfig */;
			buildSettings = {
				ASSETCATALOG_COMPILER_APPICON_NAME = AppIcon;
				CODE_SIGN_STYLE = Automatic;
				DEVELOPMENT_TEAM = TA55CRFVW8;
				INFOPLIST_FILE = MyPlaces/Info.plist;
				IPHONEOS_DEPLOYMENT_TARGET = 13.0;
				LD_RUNPATH_SEARCH_PATHS = (
					"$(inherited)",
					"@executable_path/Frameworks",
				);
				PRODUCT_BUNDLE_IDENTIFIER = tw3ee.MyPlacesm;
				PRODUCT_NAME = "$(TARGET_NAME)";
				SWIFT_VERSION = 5.0;
				TARGETED_DEVICE_FAMILY = "1,2";
			};
			name = Release;
		};
/* End XCBuildConfiguration section */

/* Begin XCConfigurationList section */
		ECB0B669246583EF005DBBD0 /* Build configuration list for PBXProject "MyPlaces" */ = {
			isa = XCConfigurationList;
			buildConfigurations = (
				ECB0B680246583F3005DBBD0 /* Debug */,
				ECB0B681246583F3005DBBD0 /* Release */,
			);
			defaultConfigurationIsVisible = 0;
			defaultConfigurationName = Release;
		};
		ECB0B682246583F3005DBBD0 /* Build configuration list for PBXNativeTarget "MyPlaces" */ = {
			isa = XCConfigurationList;
			buildConfigurations = (
				ECB0B683246583F3005DBBD0 /* Debug */,
				ECB0B684246583F3005DBBD0 /* Release */,
			);
			defaultConfigurationIsVisible = 0;
			defaultConfigurationName = Release;
		};
/* End XCConfigurationList section */
	};
	rootObject = ECB0B666246583EF005DBBD0 /* Project object */;
}
